// !$*UTF8*$!
{
	archiveVersion = 1;
	classes = {
	};
	objectVersion = 46;
	objects = {

/* Begin PBXBuildFile section */
		42372C2C1A9C6D5D0047BED5 /* libsqlite3.dylib in Frameworks */ = {isa = PBXBuildFile; fileRef = 42372C2B1A9C6D5D0047BED5 /* libsqlite3.dylib */; };
		42B3D2BA1AA4714D004920B0 /* DataModel.m in Sources */ = {isa = PBXBuildFile; fileRef = 42B3D2B91AA4714D004920B0 /* DataModel.m */; };
		42B3D2BD1AA4733A004920B0 /* DBManager.m in Sources */ = {isa = PBXBuildFile; fileRef = 42B3D2BC1AA4733A004920B0 /* DBManager.m */; };
		42CB8E1E1A9C633A0025C170 /* AppDelegate.m in Sources */ = {isa = PBXBuildFile; fileRef = 42CB8E1D1A9C633A0025C170 /* AppDelegate.m */; };
		42CB8E201A9C633A0025C170 /* main.m in Sources */ = {isa = PBXBuildFile; fileRef = 42CB8E1F1A9C633A0025C170 /* main.m */; };
		42CB8E221A9C633A0025C170 /* Images.xcassets in Resources */ = {isa = PBXBuildFile; fileRef = 42CB8E211A9C633A0025C170 /* Images.xcassets */; };
		42CB8E251A9C633A0025C170 /* MainMenu.xib in Resources */ = {isa = PBXBuildFile; fileRef = 42CB8E231A9C633A0025C170 /* MainMenu.xib */; };
		42CB8E311A9C633A0025C170 /* ImageSelectorTests.m in Sources */ = {isa = PBXBuildFile; fileRef = 42CB8E301A9C633A0025C170 /* ImageSelectorTests.m */; };
/* End PBXBuildFile section */

/* Begin PBXContainerItemProxy section */
		42CB8E2B1A9C633A0025C170 /* PBXContainerItemProxy */ = {
			isa = PBXContainerItemProxy;
			containerPortal = 42CB8E0F1A9C633A0025C170 /* Project object */;
			proxyType = 1;
			remoteGlobalIDString = 42CB8E161A9C633A0025C170;
			remoteInfo = ImageSelector;
		};
/* End PBXContainerItemProxy section */

/* Begin PBXFileReference section */
		42372C2B1A9C6D5D0047BED5 /* libsqlite3.dylib */ = {isa = PBXFileReference; lastKnownFileType = "compiled.mach-o.dylib"; name = libsqlite3.dylib; path = usr/lib/libsqlite3.dylib; sourceTree = SDKROOT; };
		42B3D2B81AA4714D004920B0 /* DataModel.h */ = {isa = PBXFileReference; fileEncoding = 4; lastKnownFileType = sourcecode.c.h; path = DataModel.h; sourceTree = "<group>"; };
		42B3D2B91AA4714D004920B0 /* DataModel.m */ = {isa = PBXFileReference; fileEncoding = 4; lastKnownFileType = sourcecode.c.objc; path = DataModel.m; sourceTree = "<group>"; };
		42B3D2BB1AA4733A004920B0 /* DBManager.h */ = {isa = PBXFileReference; fileEncoding = 4; lastKnownFileType = sourcecode.c.h; path = DBManager.h; sourceTree = "<group>"; };
		42B3D2BC1AA4733A004920B0 /* DBManager.m */ = {isa = PBXFileReference; fileEncoding = 4; lastKnownFileType = sourcecode.c.objc; path = DBManager.m; sourceTree = "<group>"; };
		42CB8E171A9C633A0025C170 /* ImageSelector.app */ = {isa = PBXFileReference; explicitFileType = wrapper.application; includeInIndex = 0; path = ImageSelector.app; sourceTree = BUILT_PRODUCTS_DIR; };
		42CB8E1B1A9C633A0025C170 /* Info.plist */ = {isa = PBXFileReference; lastKnownFileType = text.plist.xml; path = Info.plist; sourceTree = "<group>"; };
		42CB8E1C1A9C633A0025C170 /* AppDelegate.h */ = {isa = PBXFileReference; lastKnownFileType = sourcecode.c.h; path = AppDelegate.h; sourceTree = "<group>"; };
		42CB8E1D1A9C633A0025C170 /* AppDelegate.m */ = {isa = PBXFileReference; lastKnownFileType = sourcecode.c.objc; path = AppDelegate.m; sourceTree = "<group>"; };
		42CB8E1F1A9C633A0025C170 /* main.m */ = {isa = PBXFileReference; lastKnownFileType = sourcecode.c.objc; path = main.m; sourceTree = "<group>"; };
		42CB8E211A9C633A0025C170 /* Images.xcassets */ = {isa = PBXFileReference; lastKnownFileType = folder.assetcatalog; path = Images.xcassets; sourceTree = "<group>"; };
		42CB8E241A9C633A0025C170 /* Base */ = {isa = PBXFileReference; lastKnownFileType = file.xib; name = Base; path = Base.lproj/MainMenu.xib; sourceTree = "<group>"; };
		42CB8E2A1A9C633A0025C170 /* ImageSelectorTests.xctest */ = {isa = PBXFileReference; explicitFileType = wrapper.cfbundle; includeInIndex = 0; path = ImageSelectorTests.xctest; sourceTree = BUILT_PRODUCTS_DIR; };
		42CB8E2F1A9C633A0025C170 /* Info.plist */ = {isa = PBXFileReference; lastKnownFileType = text.plist.xml; path = Info.plist; sourceTree = "<group>"; };
		42CB8E301A9C633A0025C170 /* ImageSelectorTests.m */ = {isa = PBXFileReference; lastKnownFileType = sourcecode.c.objc; path = ImageSelectorTests.m; sourceTree = "<group>"; };
/* End PBXFileReference section */

/* Begin PBXFrameworksBuildPhase section */
		42CB8E141A9C633A0025C170 /* Frameworks */ = {
			isa = PBXFrameworksBuildPhase;
			buildActionMask = 2147483647;
			files = (
				42372C2C1A9C6D5D0047BED5 /* libsqlite3.dylib in Frameworks */,
			);
			runOnlyForDeploymentPostprocessing = 0;
		};
		42CB8E271A9C633A0025C170 /* Frameworks */ = {
			isa = PBXFrameworksBuildPhase;
			buildActionMask = 2147483647;
			files = (
			);
			runOnlyForDeploymentPostprocessing = 0;
		};
/* End PBXFrameworksBuildPhase section */

/* Begin PBXGroup section */
		42CB8E0E1A9C633A0025C170 = {
			isa = PBXGroup;
			children = (
				42372C2B1A9C6D5D0047BED5 /* libsqlite3.dylib */,
				42CB8E191A9C633A0025C170 /* ImageSelector */,
				42CB8E2D1A9C633A0025C170 /* ImageSelectorTests */,
				42CB8E181A9C633A0025C170 /* Products */,
			);
			sourceTree = "<group>";
		};
		42CB8E181A9C633A0025C170 /* Products */ = {
			isa = PBXGroup;
			children = (
				42CB8E171A9C633A0025C170 /* ImageSelector.app */,
				42CB8E2A1A9C633A0025C170 /* ImageSelectorTests.xctest */,
			);
			name = Products;
			sourceTree = "<group>";
		};
		42CB8E191A9C633A0025C170 /* ImageSelector */ = {
			isa = PBXGroup;
			children = (
				42CB8E1C1A9C633A0025C170 /* AppDelegate.h */,
				42CB8E1D1A9C633A0025C170 /* AppDelegate.m */,
				42CB8E211A9C633A0025C170 /* Images.xcassets */,
				42CB8E231A9C633A0025C170 /* MainMenu.xib */,
				42CB8E1A1A9C633A0025C170 /* Supporting Files */,
				42B3D2BB1AA4733A004920B0 /* DBManager.h */,
				42B3D2BC1AA4733A004920B0 /* DBManager.m */,
				42B3D2B81AA4714D004920B0 /* DataModel.h */,
				42B3D2B91AA4714D004920B0 /* DataModel.m */,
			);
			path = ImageSelector;
			sourceTree = "<group>";
		};
		42CB8E1A1A9C633A0025C170 /* Supporting Files */ = {
			isa = PBXGroup;
			children = (
				42CB8E1B1A9C633A0025C170 /* Info.plist */,
				42CB8E1F1A9C633A0025C170 /* main.m */,
			);
			name = "Supporting Files";
			sourceTree = "<group>";
		};
		42CB8E2D1A9C633A0025C170 /* ImageSelectorTests */ = {
			isa = PBXGroup;
			children = (
				42CB8E301A9C633A0025C170 /* ImageSelectorTests.m */,
				42CB8E2E1A9C633A0025C170 /* Supporting Files */,
			);
			path = ImageSelectorTests;
			sourceTree = "<group>";
		};
		42CB8E2E1A9C633A0025C170 /* Supporting Files */ = {
			isa = PBXGroup;
			children = (
				42CB8E2F1A9C633A0025C170 /* Info.plist */,
			);
			name = "Supporting Files";
			sourceTree = "<group>";
		};
/* End PBXGroup section */

/* Begin PBXNativeTarget section */
		42CB8E161A9C633A0025C170 /* ImageSelector */ = {
			isa = PBXNativeTarget;
			buildConfigurationList = 42CB8E341A9C633A0025C170 /* Build configuration list for PBXNativeTarget "ImageSelector" */;
			buildPhases = (
				42CB8E131A9C633A0025C170 /* Sources */,
				42CB8E141A9C633A0025C170 /* Frameworks */,
				42CB8E151A9C633A0025C170 /* Resources */,
			);
			buildRules = (
			);
			dependencies = (
			);
			name = ImageSelector;
			productName = ImageSelector;
			productReference = 42CB8E171A9C633A0025C170 /* ImageSelector.app */;
			productType = "com.apple.product-type.application";
		};
		42CB8E291A9C633A0025C170 /* ImageSelectorTests */ = {
			isa = PBXNativeTarget;
			buildConfigurationList = 42CB8E371A9C633A0025C170 /* Build configuration list for PBXNativeTarget "ImageSelectorTests" */;
			buildPhases = (
				42CB8E261A9C633A0025C170 /* Sources */,
				42CB8E271A9C633A0025C170 /* Frameworks */,
				42CB8E281A9C633A0025C170 /* Resources */,
			);
			buildRules = (
			);
			dependencies = (
				42CB8E2C1A9C633A0025C170 /* PBXTargetDependency */,
			);
			name = ImageSelectorTests;
			productName = ImageSelectorTests;
			productReference = 42CB8E2A1A9C633A0025C170 /* ImageSelectorTests.xctest */;
			productType = "com.apple.product-type.bundle.unit-test";
		};
/* End PBXNativeTarget section */

/* Begin PBXProject section */
		42CB8E0F1A9C633A0025C170 /* Project object */ = {
			isa = PBXProject;
			attributes = {
				LastUpgradeCheck = 0610;
				ORGANIZATIONNAME = Darka;
				TargetAttributes = {
					42CB8E161A9C633A0025C170 = {
						CreatedOnToolsVersion = 6.1;
					};
					42CB8E291A9C633A0025C170 = {
						CreatedOnToolsVersion = 6.1;
						TestTargetID = 42CB8E161A9C633A0025C170;
					};
				};
			};
			buildConfigurationList = 42CB8E121A9C633A0025C170 /* Build configuration list for PBXProject "ImageSelector" */;
			compatibilityVersion = "Xcode 3.2";
			developmentRegion = English;
			hasScannedForEncodings = 0;
			knownRegions = (
				en,
				Base,
			);
			mainGroup = 42CB8E0E1A9C633A0025C170;
			productRefGroup = 42CB8E181A9C633A0025C170 /* Products */;
			projectDirPath = "";
			projectRoot = "";
			targets = (
				42CB8E161A9C633A0025C170 /* ImageSelector */,
				42CB8E291A9C633A0025C170 /* ImageSelectorTests */,
			);
		};
/* End PBXProject section */

/* Begin PBXResourcesBuildPhase section */
		42CB8E151A9C633A0025C170 /* Resources */ = {
			isa = PBXResourcesBuildPhase;
			buildActionMask = 2147483647;
			files = (
				42CB8E221A9C633A0025C170 /* Images.xcassets in Resources */,
				42CB8E251A9C633A0025C170 /* MainMenu.xib in Resources */,
			);
			runOnlyForDeploymentPostprocessing = 0;
		};
		42CB8E281A9C633A0025C170 /* Resources */ = {
			isa = PBXResourcesBuildPhase;
			buildActionMask = 2147483647;
			files = (
			);
			runOnlyForDeploymentPostprocessing = 0;
		};
/* End PBXResourcesBuildPhase section */

/* Begin PBXSourcesBuildPhase section */
		42CB8E131A9C633A0025C170 /* Sources */ = {
			isa = PBXSourcesBuildPhase;
			buildActionMask = 2147483647;
			files = (
				42CB8E201A9C633A0025C170 /* main.m in Sources */,
				42B3D2BA1AA4714D004920B0 /* DataModel.m in Sources */,
				42CB8E1E1A9C633A0025C170 /* AppDelegate.m in Sources */,
				42B3D2BD1AA4733A004920B0 /* DBManager.m in Sources */,
			);
			runOnlyForDeploymentPostprocessing = 0;
		};
		42CB8E261A9C633A0025C170 /* Sources */ = {
			isa = PBXSourcesBuildPhase;
			buildActionMask = 2147483647;
			files = (
				42CB8E311A9C633A0025C170 /* ImageSelectorTests.m in Sources */,
			);
			runOnlyForDeploymentPostprocessing = 0;
		};
/* End PBXSourcesBuildPhase section */

/* Begin PBXTargetDependency section */
		42CB8E2C1A9C633A0025C170 /* PBXTargetDependency */ = {
			isa = PBXTargetDependency;
			target = 42CB8E161A9C633A0025C170 /* ImageSelector */;
			targetProxy = 42CB8E2B1A9C633A0025C170 /* PBXContainerItemProxy */;
		};
/* End PBXTargetDependency section */

/* Begin PBXVariantGroup section */
		42CB8E231A9C633A0025C170 /* MainMenu.xib */ = {
			isa = PBXVariantGroup;
			children = (
				42CB8E241A9C633A0025C170 /* Base */,
			);
			name = MainMenu.xib;
			sourceTree = "<group>";
		};
/* End PBXVariantGroup section */

/* Begin XCBuildConfiguration section */
		42CB8E321A9C633A0025C170 /* Debug */ = {
			isa = XCBuildConfiguration;
			buildSettings = {
				ALWAYS_SEARCH_USER_PATHS = NO;
				CLANG_CXX_LANGUAGE_STANDARD = "gnu++0x";
				CLANG_CXX_LIBRARY = "libc++";
				CLANG_ENABLE_MODULES = YES;
				CLANG_ENABLE_OBJC_ARC = YES;
				CLANG_WARN_BOOL_CONVERSION = YES;
				CLANG_WARN_CONSTANT_CONVERSION = YES;
				CLANG_WARN_DIRECT_OBJC_ISA_USAGE = YES_ERROR;
				CLANG_WARN_EMPTY_BODY = YES;
				CLANG_WARN_ENUM_CONVERSION = YES;
				CLANG_WARN_INT_CONVERSION = YES;
				CLANG_WARN_OBJC_ROOT_CLASS = YES_ERROR;
				CLANG_WARN_UNREACHABLE_CODE = YES;
				CLANG_WARN__DUPLICATE_METHOD_MATCH = YES;
				CODE_SIGN_IDENTITY = "-";
				COPY_PHASE_STRIP = NO;
				ENABLE_STRICT_OBJC_MSGSEND = YES;
				GCC_C_LANGUAGE_STANDARD = gnu99;
				GCC_DYNAMIC_NO_PIC = NO;
				GCC_OPTIMIZATION_LEVEL = 0;
				GCC_PREPROCESSOR_DEFINITIONS = (
					"DEBUG=1",
					"$(inherited)",
				);
				GCC_SYMBOLS_PRIVATE_EXTERN = NO;
				GCC_WARN_64_TO_32_BIT_CONVERSION = YES;
				GCC_WARN_ABOUT_RETURN_TYPE = YES_ERROR;
				GCC_WARN_UNDECLARED_SELECTOR = YES;
				GCC_WARN_UNINITIALIZED_AUTOS = YES_AGGRESSIVE;
				GCC_WARN_UNUSED_FUNCTION = YES;
				GCC_WARN_UNUSED_VARIABLE = YES;
				MACOSX_DEPLOYMENT_TARGET = 10.10;
				MTL_ENABLE_DEBUG_INFO = YES;
				ONLY_ACTIVE_ARCH = YES;
				SDKROOT = macosx;
			};
			name = Debug;
		};
		42CB8E331A9C633A0025C170 /* Release */ = {
			isa = XCBuildConfiguration;
			buildSettings = {
				ALWAYS_SEARCH_USER_PATHS = NO;
				CLANG_CXX_LANGUAGE_STANDARD = "gnu++0x";
				CLANG_CXX_LIBRARY = "libc++";
				CLANG_ENABLE_MODULES = YES;
				CLANG_ENABLE_OBJC_ARC = YES;
				CLANG_WARN_BOOL_CONVERSION = YES;
				CLANG_WARN_CONSTANT_CONVERSION = YES;
				CLANG_WARN_DIRECT_OBJC_ISA_USAGE = YES_ERROR;
				CLANG_WARN_EMPTY_BODY = YES;
				CLANG_WARN_ENUM_CONVERSION = YES;
				CLANG_WARN_INT_CONVERSION = YES;
				CLANG_WARN_OBJC_ROOT_CLASS = YES_ERROR;
				CLANG_WARN_UNREACHABLE_CODE = YES;
				CLANG_WARN__DUPLICATE_METHOD_MATCH = YES;
				CODE_SIGN_IDENTITY = "-";
				COPY_PHASE_STRIP = YES;
				DEBUG_INFORMATION_FORMAT = "dwarf-with-dsym";
				ENABLE_NS_ASSERTIONS = NO;
				ENABLE_STRICT_OBJC_MSGSEND = YES;
				GCC_C_LANGUAGE_STANDARD = gnu99;
				GCC_WARN_64_TO_32_BIT_CONVERSION = YES;
				GCC_WARN_ABOUT_RETURN_TYPE = YES_ERROR;
				GCC_WARN_UNDECLARED_SELECTOR = YES;
				GCC_WARN_UNINITIALIZED_AUTOS = YES_AGGRESSIVE;
				GCC_WARN_UNUSED_FUNCTION = YES;
				GCC_WARN_UNUSED_VARIABLE = YES;
				MACOSX_DEPLOYMENT_TARGET = 10.10;
				MTL_ENABLE_DEBUG_INFO = NO;
				SDKROOT = macosx;
			};
			name = Release;
		};
		42CB8E351A9C633A0025C170 /* Debug */ = {
			isa = XCBuildConfiguration;
			buildSettings = {
				ASSETCATALOG_COMPILER_APPICON_NAME = AppIcon;
				COMBINE_HIDPI_IMAGES = YES;
				INFOPLIST_FILE = ImageSelector/Info.plist;
				LD_RUNPATH_SEARCH_PATHS = "$(inherited) @executable_path/../Frameworks";
				PRODUCT_NAME = "$(TARGET_NAME)";
			};
			name = Debug;
		};
		42CB8E361A9C633A0025C170 /* Release */ = {
			isa = XCBuildConfiguration;
			buildSettings = {
				ASSETCATALOG_COMPILER_APPICON_NAME = AppIcon;
				COMBINE_HIDPI_IMAGES = YES;
				INFOPLIST_FILE = ImageSelector/Info.plist;
				LD_RUNPATH_SEARCH_PATHS = "$(inherited) @executable_path/../Frameworks";
				PRODUCT_NAME = "$(TARGET_NAME)";
			};
			name = Release;
		};
		42CB8E381A9C633A0025C170 /* Debug */ = {
			isa = XCBuildConfiguration;
			buildSettings = {
				BUNDLE_LOADER = "$(TEST_HOST)";
				COMBINE_HIDPI_IMAGES = YES;
				FRAMEWORK_SEARCH_PATHS = (
					"$(DEVELOPER_FRAMEWORKS_DIR)",
					"$(inherited)",
				);
				GCC_PREPROCESSOR_DEFINITIONS = (
					"DEBUG=1",
					"$(inherited)",
				);
				INFOPLIST_FILE = ImageSelectorTests/Info.plist;
				LD_RUNPATH_SEARCH_PATHS = "$(inherited) @executable_path/../Frameworks @loader_path/../Frameworks";
				PRODUCT_NAME = "$(TARGET_NAME)";
				TEST_HOST = "$(BUILT_PRODUCTS_DIR)/ImageSelector.app/Contents/MacOS/ImageSelector";
			};
			name = Debug;
		};
		42CB8E391A9C633A0025C170 /* Release */ = {
			isa = XCBuildConfiguration;
			buildSettings = {
				BUNDLE_LOADER = "$(TEST_HOST)";
				COMBINE_HIDPI_IMAGES = YES;
				FRAMEWORK_SEARCH_PATHS = (
					"$(DEVELOPER_FRAMEWORKS_DIR)",
					"$(inherited)",
				);
				INFOPLIST_FILE = ImageSelectorTests/Info.plist;
				LD_RUNPATH_SEARCH_PATHS = "$(inherited) @executable_path/../Frameworks @loader_path/../Frameworks";
				PRODUCT_NAME = "$(TARGET_NAME)";
				TEST_HOST = "$(BUILT_PRODUCTS_DIR)/ImageSelector.app/Contents/MacOS/ImageSelector";
			};
			name = Release;
		};
/* End XCBuildConfiguration section */

/* Begin XCConfigurationList section */
		42CB8E121A9C633A0025C170 /* Build configuration list for PBXProject "ImageSelector" */ = {
			isa = XCConfigurationList;
			buildConfigurations = (
				42CB8E321A9C633A0025C170 /* Debug */,
				42CB8E331A9C633A0025C170 /* Release */,
			);
			defaultConfigurationIsVisible = 0;
			defaultConfigurationName = Release;
		};
		42CB8E341A9C633A0025C170 /* Build configuration list for PBXNativeTarget "ImageSelector" */ = {
			isa = XCConfigurationList;
			buildConfigurations = (
				42CB8E351A9C633A0025C170 /* Debug */,
				42CB8E361A9C633A0025C170 /* Release */,
			);
			defaultConfigurationIsVisible = 0;
			defaultConfigurationName = Release;
		};
		42CB8E371A9C633A0025C170 /* Build configuration list for PBXNativeTarget "ImageSelectorTests" */ = {
			isa = XCConfigurationList;
			buildConfigurations = (
				42CB8E381A9C633A0025C170 /* Debug */,
				42CB8E391A9C633A0025C170 /* Release */,
			);
			defaultConfigurationIsVisible = 0;
			defaultConfigurationName = Release;
		};
/* End XCConfigurationList section */
	};
	rootObject = 42CB8E0F1A9C633A0025C170 /* Project object */;
}
